# This file was autogenerated by Stack.
# You should not edit this file by hand.
# For more information, please see the documentation at:
#   https://docs.haskellstack.org/en/stable/lock_files

packages:
- completed:
    hackage: discord-haskell-1.0.0@sha256:91b4a0839c1c994eec1c77ffd0ecab387a3e46db3caf4bc949c7853bbd7fc0b7,3683
    pantry-tree:
      size: 1957
      sha256: 2541b6b62de9f64f55f88af661d7b3e2d8fd514fd4bf9730c60836a470aed180
  original:
    hackage: discord-haskell-1.0.0
- completed:
    hackage: emoji-0.1.0.2@sha256:d995572a5c7dcd28f98eb15c6e387a7b3bda1ac2477ab0d9dba8580d5d7b161f,1273
    pantry-tree:
      size: 437
      sha256: dd9ea90a631342e5db0fc21331ade4d563a685e9125d5a3989eefa8e1b96c6c6
  original:
    hackage: emoji-0.1.0.2
- completed:
    hackage: http-client-0.5.14@sha256:4880b27d6741e331454a1d4c887d96ce3d7d625322c8433983a4b1cd08538577,5348
    pantry-tree:
      size: 2457
      sha256: 02bcffba9cad572fefb4640f5fc9be68e770b32ab73efcac649db20290994c6d
  original:
    hackage: http-client-0.5.14
- completed:
    hackage: req-1.2.1@sha256:d2db586ab7fe07efc82fef2082e88f5728c472c08728c985aacf142c661675e9,5034
    pantry-tree:
      size: 712
      sha256: 4ae1291fb70c1d498cf727689aabf1fd87bf840d4b9916d2f2fc830ae7a5e375
  original:
    hackage: req-1.2.1
- completed:
    hackage: connection-0.2.8@sha256:b33ed18b274e9d65ffefcda46ba3d6ff852bec1e7ffcb686985228dc52631c2e,1525
    pantry-tree:
      size: 386
      sha256: c551e941b8b047a1f2ae6a44c15a405ddeb12132953dd6c782041c070ee3e358
  original:
    hackage: connection-0.2.8
- completed:
    hackage: retry-0.7.7.0@sha256:7b00ea9a64adec514a830209ae3d75919d5b510eb688783634f61469b4d3d182,2292
    pantry-tree:
      size: 433
      sha256: 0acb8ebf4fdcad1716fdcb8c21128dac0b8e59bef12cee21ac9af88f3523a37d
  original:
    hackage: retry-0.7.7.0
- completed:
    hackage: socks-0.5.6@sha256:bb051589a00d18301556dbff82d89955a5534baf91a5e050e5f3a65f3415609c,1299
    pantry-tree:
      size: 693
      sha256: 4ef36ec31595199c8a18a9d33749aee3802b6ec056ec99effeb528262db9fd62
  original:
    hackage: socks-0.5.6
snapshots:
- completed:
    size: 524786
    url: https://raw.githubusercontent.com/commercialhaskell/stackage-snapshots/master/lts/14/11.yaml
    sha256: 088bb91b545839510a41ae92fa5feb36779ef3529571a42bd12b9f51eb89ded3
  original: lts-14.11
